
Microsoft Visual Studio Solution File, Format Version 12.00
# Visual Studio Version 17
VisualStudioVersion = 17.9.34407.89
MinimumVisualStudioVersion = 10.0.40219.1
Project("{2150E333-8FDC-42A3-9474-1A3956D46DE8}") = "1.SingleResponsibilityPrinciple", "1.SingleResponsibilityPrinciple", "{E846559B-029B-4E2E-AB54-E46CAB253249}"
EndProject
Project("{2150E333-8FDC-42A3-9474-1A3956D46DE8}") = "2.OpenClosedPrinciple", "2.OpenClosedPrinciple", "{AD6F1D7D-0101-4ADD-89ED-9834148CD468}"
EndProject
Project("{2150E333-8FDC-42A3-9474-1A3956D46DE8}") = "3.LiskovSubstitutionPrinciple", "3.LiskovSubstitutionPrinciple", "{DA0FEFA0-5B47-46B9-B173-8F1C0FDFCFB3}"
EndProject
Project("{2150E333-8FDC-42A3-9474-1A3956D46DE8}") = "4.InterfaceSegregationPrinciple", "4.InterfaceSegregationPrinciple", "{589DF7AA-91AB-4AB6-A2FD-626F8DDFC3DA}"
EndProject
Project("{2150E333-8FDC-42A3-9474-1A3956D46DE8}") = "5.DependencyInversionPrinciple", "5.DependencyInversionPrinciple", "{BD76DC55-80D9-46BD-A088-6E6FF746D746}"
EndProject
Project("{FAE04EC0-301F-11D3-BF4B-00C04F79EFBC}") = "Before_SRP", "1.SingleResponsibilityPrinciple\Before_SRP\Before_SRP.csproj", "{84CDF13C-A2AE-4175-89FA-05B7774D1774}"
EndProject
Project("{FAE04EC0-301F-11D3-BF4B-00C04F79EFBC}") = "After_SRP", "1.SingleResponsibilityPrinciple\After_SRP\After_SRP.csproj", "{0509DA53-43C0-452E-AAE7-1C0536819E27}"
EndProject
Project("{FAE04EC0-301F-11D3-BF4B-00C04F79EFBC}") = "Before_OCP", "2.OpenClosedPrinciple\Before_OCP\Before_OCP.csproj", "{F233F7C4-1EF9-411E-BCBC-C0A278D31FF3}"
EndProject
Project("{FAE04EC0-301F-11D3-BF4B-00C04F79EFBC}") = "After_OCP", "2.OpenClosedPrinciple\After_OCP\After_OCP.csproj", "{C67BD96D-3583-44DC-8EEA-0AE64ABE9C48}"
EndProject
Project("{FAE04EC0-301F-11D3-BF4B-00C04F79EFBC}") = "Before_LSP", "3.LiskovSubstitutePrinciple\Before_LSP\Before_LSP.csproj", "{1529E347-3BDC-4FD4-9877-A6B8E9AC4BD9}"
EndProject
Project("{FAE04EC0-301F-11D3-BF4B-00C04F79EFBC}") = "After_LSP", "3.LiskovSubstitutePrinciple\After_LSP\After_LSP.csproj", "{B4BC4B25-B217-4C13-AC71-D9B1CE15472E}"
EndProject
Global
	GlobalSection(SolutionConfigurationPlatforms) = preSolution
		Debug|Any CPU = Debug|Any CPU
		Release|Any CPU = Release|Any CPU
	EndGlobalSection
	GlobalSection(ProjectConfigurationPlatforms) = postSolution
		{84CDF13C-A2AE-4175-89FA-05B7774D1774}.Debug|Any CPU.ActiveCfg = Debug|Any CPU
		{84CDF13C-A2AE-4175-89FA-05B7774D1774}.Debug|Any CPU.Build.0 = Debug|Any CPU
		{84CDF13C-A2AE-4175-89FA-05B7774D1774}.Release|Any CPU.ActiveCfg = Release|Any CPU
		{84CDF13C-A2AE-4175-89FA-05B7774D1774}.Release|Any CPU.Build.0 = Release|Any CPU
		{0509DA53-43C0-452E-AAE7-1C0536819E27}.Debug|Any CPU.ActiveCfg = Debug|Any CPU
		{0509DA53-43C0-452E-AAE7-1C0536819E27}.Debug|Any CPU.Build.0 = Debug|Any CPU
		{0509DA53-43C0-452E-AAE7-1C0536819E27}.Release|Any CPU.ActiveCfg = Release|Any CPU
		{0509DA53-43C0-452E-AAE7-1C0536819E27}.Release|Any CPU.Build.0 = Release|Any CPU
		{F233F7C4-1EF9-411E-BCBC-C0A278D31FF3}.Debug|Any CPU.ActiveCfg = Debug|Any CPU
		{F233F7C4-1EF9-411E-BCBC-C0A278D31FF3}.Debug|Any CPU.Build.0 = Debug|Any CPU
		{F233F7C4-1EF9-411E-BCBC-C0A278D31FF3}.Release|Any CPU.ActiveCfg = Release|Any CPU
		{F233F7C4-1EF9-411E-BCBC-C0A278D31FF3}.Release|Any CPU.Build.0 = Release|Any CPU
		{C67BD96D-3583-44DC-8EEA-0AE64ABE9C48}.Debug|Any CPU.ActiveCfg = Debug|Any CPU
		{C67BD96D-3583-44DC-8EEA-0AE64ABE9C48}.Debug|Any CPU.Build.0 = Debug|Any CPU
		{C67BD96D-3583-44DC-8EEA-0AE64ABE9C48}.Release|Any CPU.ActiveCfg = Release|Any CPU
		{C67BD96D-3583-44DC-8EEA-0AE64ABE9C48}.Release|Any CPU.Build.0 = Release|Any CPU
		{1529E347-3BDC-4FD4-9877-A6B8E9AC4BD9}.Debug|Any CPU.ActiveCfg = Debug|Any CPU
		{1529E347-3BDC-4FD4-9877-A6B8E9AC4BD9}.Debug|Any CPU.Build.0 = Debug|Any CPU
		{1529E347-3BDC-4FD4-9877-A6B8E9AC4BD9}.Release|Any CPU.ActiveCfg = Release|Any CPU
		{1529E347-3BDC-4FD4-9877-A6B8E9AC4BD9}.Release|Any CPU.Build.0 = Release|Any CPU
		{B4BC4B25-B217-4C13-AC71-D9B1CE15472E}.Debug|Any CPU.ActiveCfg = Debug|Any CPU
		{B4BC4B25-B217-4C13-AC71-D9B1CE15472E}.Debug|Any CPU.Build.0 = Debug|Any CPU
		{B4BC4B25-B217-4C13-AC71-D9B1CE15472E}.Release|Any CPU.ActiveCfg = Release|Any CPU
		{B4BC4B25-B217-4C13-AC71-D9B1CE15472E}.Release|Any CPU.Build.0 = Release|Any CPU
	EndGlobalSection
	GlobalSection(SolutionProperties) = preSolution
		HideSolutionNode = FALSE
	EndGlobalSection
	GlobalSection(NestedProjects) = preSolution
		{84CDF13C-A2AE-4175-89FA-05B7774D1774} = {E846559B-029B-4E2E-AB54-E46CAB253249}
		{0509DA53-43C0-452E-AAE7-1C0536819E27} = {E846559B-029B-4E2E-AB54-E46CAB253249}
		{F233F7C4-1EF9-411E-BCBC-C0A278D31FF3} = {AD6F1D7D-0101-4ADD-89ED-9834148CD468}
		{C67BD96D-3583-44DC-8EEA-0AE64ABE9C48} = {AD6F1D7D-0101-4ADD-89ED-9834148CD468}
		{1529E347-3BDC-4FD4-9877-A6B8E9AC4BD9} = {DA0FEFA0-5B47-46B9-B173-8F1C0FDFCFB3}
		{B4BC4B25-B217-4C13-AC71-D9B1CE15472E} = {DA0FEFA0-5B47-46B9-B173-8F1C0FDFCFB3}
	EndGlobalSection
	GlobalSection(ExtensibilityGlobals) = postSolution
		SolutionGuid = {75CEBC8D-ECE9-462F-AAF4-4C4C69A14B9C}
	EndGlobalSection
EndGlobal
